// !$*UTF8*$!
{
	archiveVersion = 1;
	classes = {
	};
	objectVersion = 50;
	objects = {

/* Begin PBXBuildFile section */
		2F537A6A2494D56C008800FC /* AppDelegate.swift in Sources */ = {isa = PBXBuildFile; fileRef = 2F537A692494D56C008800FC /* AppDelegate.swift */; };
		2F537A732494D56E008800FC /* Assets.xcassets in Resources */ = {isa = PBXBuildFile; fileRef = 2F537A722494D56E008800FC /* Assets.xcassets */; };
		2F537A762494D56E008800FC /* LaunchScreen.storyboard in Resources */ = {isa = PBXBuildFile; fileRef = 2F537A742494D56E008800FC /* LaunchScreen.storyboard */; };
		2F537A812494D56E008800FC /* TMDemoAppTests.swift in Sources */ = {isa = PBXBuildFile; fileRef = 2F537A802494D56E008800FC /* TMDemoAppTests.swift */; };
		2F537A8C2494D56E008800FC /* TMDemoAppUITests.swift in Sources */ = {isa = PBXBuildFile; fileRef = 2F537A8B2494D56E008800FC /* TMDemoAppUITests.swift */; };
		2F537A9A2494D693008800FC /* DetailListViewController.swift in Sources */ = {isa = PBXBuildFile; fileRef = 2F537A992494D693008800FC /* DetailListViewController.swift */; };
		2F537A9D2494D783008800FC /* TableCell.swift in Sources */ = {isa = PBXBuildFile; fileRef = 2F537A9C2494D783008800FC /* TableCell.swift */; };
		2F537AA12494D8A7008800FC /* DetailListModel.swift in Sources */ = {isa = PBXBuildFile; fileRef = 2F537A9E2494D8A6008800FC /* DetailListModel.swift */; };
		2F537AA22494D8A7008800FC /* DetailListViewModel.swift in Sources */ = {isa = PBXBuildFile; fileRef = 2F537A9F2494D8A6008800FC /* DetailListViewModel.swift */; };
		2F537AA32494D8A7008800FC /* NetworkOperations.swift in Sources */ = {isa = PBXBuildFile; fileRef = 2F537AA02494D8A6008800FC /* NetworkOperations.swift */; };
		2F537AA52494D975008800FC /* Podfile in Resources */ = {isa = PBXBuildFile; fileRef = 2F537AA42494D975008800FC /* Podfile */; };
		46FED16AD09BD004F2F3F94E /* Pods_TMDemoApp.framework in Frameworks */ = {isa = PBXBuildFile; fileRef = 75E0ED9E957C59AC0BF954E8 /* Pods_TMDemoApp.framework */; };
/* End PBXBuildFile section */

/* Begin PBXContainerItemProxy section */
		2F537A7D2494D56E008800FC /* PBXContainerItemProxy */ = {
			isa = PBXContainerItemProxy;
			containerPortal = 2F537A5E2494D56C008800FC /* Project object */;
			proxyType = 1;
			remoteGlobalIDString = 2F537A652494D56C008800FC;
			remoteInfo = TMDemoApp;
		};
		2F537A882494D56E008800FC /* PBXContainerItemProxy */ = {
			isa = PBXContainerItemProxy;
			containerPortal = 2F537A5E2494D56C008800FC /* Project object */;
			proxyType = 1;
			remoteGlobalIDString = 2F537A652494D56C008800FC;
			remoteInfo = TMDemoApp;
		};
/* End PBXContainerItemProxy section */

/* Begin PBXFileReference section */
		2CFF33EF02AB8E6E5C92B56E /* Pods-TMDemoApp.release.xcconfig */ = {isa = PBXFileReference; includeInIndex = 1; lastKnownFileType = text.xcconfig; name = "Pods-TMDemoApp.release.xcconfig"; path = "Target Support Files/Pods-TMDemoApp/Pods-TMDemoApp.release.xcconfig"; sourceTree = "<group>"; };
		2F537A662494D56C008800FC /* TMDemoApp.app */ = {isa = PBXFileReference; explicitFileType = wrapper.application; includeInIndex = 0; path = TMDemoApp.app; sourceTree = BUILT_PRODUCTS_DIR; };
		2F537A692494D56C008800FC /* AppDelegate.swift */ = {isa = PBXFileReference; lastKnownFileType = sourcecode.swift; path = AppDelegate.swift; sourceTree = "<group>"; };
		2F537A722494D56E008800FC /* Assets.xcassets */ = {isa = PBXFileReference; lastKnownFileType = folder.assetcatalog; path = Assets.xcassets; sourceTree = "<group>"; };
		2F537A752494D56E008800FC /* Base */ = {isa = PBXFileReference; lastKnownFileType = file.storyboard; name = Base; path = Base.lproj/LaunchScreen.storyboard; sourceTree = "<group>"; };
		2F537A772494D56E008800FC /* Info.plist */ = {isa = PBXFileReference; lastKnownFileType = text.plist.xml; path = Info.plist; sourceTree = "<group>"; };
		2F537A7C2494D56E008800FC /* TMDemoAppTests.xctest */ = {isa = PBXFileReference; explicitFileType = wrapper.cfbundle; includeInIndex = 0; path = TMDemoAppTests.xctest; sourceTree = BUILT_PRODUCTS_DIR; };
		2F537A802494D56E008800FC /* TMDemoAppTests.swift */ = {isa = PBXFileReference; lastKnownFileType = sourcecode.swift; path = TMDemoAppTests.swift; sourceTree = "<group>"; };
		2F537A822494D56E008800FC /* Info.plist */ = {isa = PBXFileReference; lastKnownFileType = text.plist.xml; path = Info.plist; sourceTree = "<group>"; };
		2F537A872494D56E008800FC /* TMDemoAppUITests.xctest */ = {isa = PBXFileReference; explicitFileType = wrapper.cfbundle; includeInIndex = 0; path = TMDemoAppUITests.xctest; sourceTree = BUILT_PRODUCTS_DIR; };
		2F537A8B2494D56E008800FC /* TMDemoAppUITests.swift */ = {isa = PBXFileReference; lastKnownFileType = sourcecode.swift; path = TMDemoAppUITests.swift; sourceTree = "<group>"; };
		2F537A8D2494D56E008800FC /* Info.plist */ = {isa = PBXFileReference; lastKnownFileType = text.plist.xml; path = Info.plist; sourceTree = "<group>"; };
		2F537A992494D693008800FC /* DetailListViewController.swift */ = {isa = PBXFileReference; lastKnownFileType = sourcecode.swift; path = DetailListViewController.swift; sourceTree = "<group>"; };
		2F537A9C2494D783008800FC /* TableCell.swift */ = {isa = PBXFileReference; fileEncoding = 4; lastKnownFileType = sourcecode.swift; path = TableCell.swift; sourceTree = "<group>"; };
		2F537A9E2494D8A6008800FC /* DetailListModel.swift */ = {isa = PBXFileReference; fileEncoding = 4; lastKnownFileType = sourcecode.swift; path = DetailListModel.swift; sourceTree = "<group>"; };
		2F537A9F2494D8A6008800FC /* DetailListViewModel.swift */ = {isa = PBXFileReference; fileEncoding = 4; lastKnownFileType = sourcecode.swift; path = DetailListViewModel.swift; sourceTree = "<group>"; };
		2F537AA02494D8A6008800FC /* NetworkOperations.swift */ = {isa = PBXFileReference; fileEncoding = 4; lastKnownFileType = sourcecode.swift; path = NetworkOperations.swift; sourceTree = "<group>"; };
		2F537AA42494D975008800FC /* Podfile */ = {isa = PBXFileReference; lastKnownFileType = text; path = Podfile; sourceTree = "<group>"; };
		75E0ED9E957C59AC0BF954E8 /* Pods_TMDemoApp.framework */ = {isa = PBXFileReference; explicitFileType = wrapper.framework; includeInIndex = 0; path = Pods_TMDemoApp.framework; sourceTree = BUILT_PRODUCTS_DIR; };
		CAFDF3D7883D6852F247196A /* Pods-TMDemoApp.debug.xcconfig */ = {isa = PBXFileReference; includeInIndex = 1; lastKnownFileType = text.xcconfig; name = "Pods-TMDemoApp.debug.xcconfig"; path = "Target Support Files/Pods-TMDemoApp/Pods-TMDemoApp.debug.xcconfig"; sourceTree = "<group>"; };
/* End PBXFileReference section */

/* Begin PBXFrameworksBuildPhase section */
		2F537A632494D56C008800FC /* Frameworks */ = {
			isa = PBXFrameworksBuildPhase;
			buildActionMask = 2147483647;
			files = (
				46FED16AD09BD004F2F3F94E /* Pods_TMDemoApp.framework in Frameworks */,
			);
			runOnlyForDeploymentPostprocessing = 0;
		};
		2F537A792494D56E008800FC /* Frameworks */ = {
			isa = PBXFrameworksBuildPhase;
			buildActionMask = 2147483647;
			files = (
			);
			runOnlyForDeploymentPostprocessing = 0;
		};
		2F537A842494D56E008800FC /* Frameworks */ = {
			isa = PBXFrameworksBuildPhase;
			buildActionMask = 2147483647;
			files = (
			);
			runOnlyForDeploymentPostprocessing = 0;
		};
/* End PBXFrameworksBuildPhase section */

/* Begin PBXGroup section */
		2F537A5D2494D56C008800FC = {
			isa = PBXGroup;
			children = (
				2F537AA42494D975008800FC /* Podfile */,
				2F537A682494D56C008800FC /* TMDemoApp */,
				2F537A7F2494D56E008800FC /* TMDemoAppTests */,
				2F537A8A2494D56E008800FC /* TMDemoAppUITests */,
				2F537A672494D56C008800FC /* Products */,
				4F8DCE113561D91901AC2295 /* Pods */,
				FD7C85057AAC28F3E0E8D1AA /* Frameworks */,
			);
			sourceTree = "<group>";
		};
		2F537A672494D56C008800FC /* Products */ = {
			isa = PBXGroup;
			children = (
				2F537A662494D56C008800FC /* TMDemoApp.app */,
				2F537A7C2494D56E008800FC /* TMDemoAppTests.xctest */,
				2F537A872494D56E008800FC /* TMDemoAppUITests.xctest */,
			);
			name = Products;
			sourceTree = "<group>";
		};
		2F537A682494D56C008800FC /* TMDemoApp */ = {
			isa = PBXGroup;
			children = (
				2F537A9B2494D6A1008800FC /* MVVM */,
				2F537A692494D56C008800FC /* AppDelegate.swift */,
				2F537AA02494D8A6008800FC /* NetworkOperations.swift */,
				2F537A722494D56E008800FC /* Assets.xcassets */,
				2F537A742494D56E008800FC /* LaunchScreen.storyboard */,
				2F537A772494D56E008800FC /* Info.plist */,
			);
			path = TMDemoApp;
			sourceTree = "<group>";
		};
		2F537A7F2494D56E008800FC /* TMDemoAppTests */ = {
			isa = PBXGroup;
			children = (
				2F537A802494D56E008800FC /* TMDemoAppTests.swift */,
				2F537A822494D56E008800FC /* Info.plist */,
			);
			path = TMDemoAppTests;
			sourceTree = "<group>";
		};
		2F537A8A2494D56E008800FC /* TMDemoAppUITests */ = {
			isa = PBXGroup;
			children = (
				2F537A8B2494D56E008800FC /* TMDemoAppUITests.swift */,
				2F537A8D2494D56E008800FC /* Info.plist */,
			);
			path = TMDemoAppUITests;
			sourceTree = "<group>";
		};
		2F537A9B2494D6A1008800FC /* MVVM */ = {
			isa = PBXGroup;
			children = (
				2F537A9C2494D783008800FC /* TableCell.swift */,
				2F537A992494D693008800FC /* DetailListViewController.swift */,
				2F537A9E2494D8A6008800FC /* DetailListModel.swift */,
				2F537A9F2494D8A6008800FC /* DetailListViewModel.swift */,
			);
			path = MVVM;
			sourceTree = "<group>";
		};
		4F8DCE113561D91901AC2295 /* Pods */ = {
			isa = PBXGroup;
			children = (
				CAFDF3D7883D6852F247196A /* Pods-TMDemoApp.debug.xcconfig */,
				2CFF33EF02AB8E6E5C92B56E /* Pods-TMDemoApp.release.xcconfig */,
			);
			name = Pods;
			path = Pods;
			sourceTree = "<group>";
		};
		FD7C85057AAC28F3E0E8D1AA /* Frameworks */ = {
			isa = PBXGroup;
			children = (
				75E0ED9E957C59AC0BF954E8 /* Pods_TMDemoApp.framework */,
			);
			name = Frameworks;
			sourceTree = "<group>";
		};
/* End PBXGroup section */

/* Begin PBXNativeTarget section */
		2F537A652494D56C008800FC /* TMDemoApp */ = {
			isa = PBXNativeTarget;
			buildConfigurationList = 2F537A902494D56E008800FC /* Build configuration list for PBXNativeTarget "TMDemoApp" */;
			buildPhases = (
				F84A986EAC7B63D7143B7F73 /* [CP] Check Pods Manifest.lock */,
				2F537A622494D56C008800FC /* Sources */,
				2F537A632494D56C008800FC /* Frameworks */,
				2F537A642494D56C008800FC /* Resources */,
				B7E90D5AA5D70D8CECF17E22 /* [CP] Embed Pods Frameworks */,
			);
			buildRules = (
			);
			dependencies = (
			);
			name = TMDemoApp;
			productName = TMDemoApp;
			productReference = 2F537A662494D56C008800FC /* TMDemoApp.app */;
			productType = "com.apple.product-type.application";
		};
		2F537A7B2494D56E008800FC /* TMDemoAppTests */ = {
			isa = PBXNativeTarget;
			buildConfigurationList = 2F537A932494D56E008800FC /* Build configuration list for PBXNativeTarget "TMDemoAppTests" */;
			buildPhases = (
				2F537A782494D56E008800FC /* Sources */,
				2F537A792494D56E008800FC /* Frameworks */,
				2F537A7A2494D56E008800FC /* Resources */,
			);
			buildRules = (
			);
			dependencies = (
				2F537A7E2494D56E008800FC /* PBXTargetDependency */,
			);
			name = TMDemoAppTests;
			productName = TMDemoAppTests;
			productReference = 2F537A7C2494D56E008800FC /* TMDemoAppTests.xctest */;
			productType = "com.apple.product-type.bundle.unit-test";
		};
		2F537A862494D56E008800FC /* TMDemoAppUITests */ = {
			isa = PBXNativeTarget;
			buildConfigurationList = 2F537A962494D56E008800FC /* Build configuration list for PBXNativeTarget "TMDemoAppUITests" */;
			buildPhases = (
				2F537A832494D56E008800FC /* Sources */,
				2F537A842494D56E008800FC /* Frameworks */,
				2F537A852494D56E008800FC /* Resources */,
			);
			buildRules = (
			);
			dependencies = (
				2F537A892494D56E008800FC /* PBXTargetDependency */,
			);
			name = TMDemoAppUITests;
			productName = TMDemoAppUITests;
			productReference = 2F537A872494D56E008800FC /* TMDemoAppUITests.xctest */;
			productType = "com.apple.product-type.bundle.ui-testing";
		};
/* End PBXNativeTarget section */

/* Begin PBXProject section */
		2F537A5E2494D56C008800FC /* Project object */ = {
			isa = PBXProject;
			attributes = {
				LastSwiftUpdateCheck = 1120;
				LastUpgradeCheck = 1120;
				ORGANIZATIONNAME = TechMahindra;
				TargetAttributes = {
					2F537A652494D56C008800FC = {
						CreatedOnToolsVersion = 11.2.1;
					};
					2F537A7B2494D56E008800FC = {
						CreatedOnToolsVersion = 11.2.1;
						TestTargetID = 2F537A652494D56C008800FC;
					};
					2F537A862494D56E008800FC = {
						CreatedOnToolsVersion = 11.2.1;
						TestTargetID = 2F537A652494D56C008800FC;
					};
				};
			};
			buildConfigurationList = 2F537A612494D56C008800FC /* Build configuration list for PBXProject "TMDemoApp" */;
			compatibilityVersion = "Xcode 9.3";
			developmentRegion = en;
			hasScannedForEncodings = 0;
			knownRegions = (
				en,
				Base,
			);
			mainGroup = 2F537A5D2494D56C008800FC;
			productRefGroup = 2F537A672494D56C008800FC /* Products */;
			projectDirPath = "";
			projectRoot = "";
			targets = (
				2F537A652494D56C008800FC /* TMDemoApp */,
				2F537A7B2494D56E008800FC /* TMDemoAppTests */,
				2F537A862494D56E008800FC /* TMDemoAppUITests */,
			);
		};
/* End PBXProject section */

/* Begin PBXResourcesBuildPhase section */
		2F537A642494D56C008800FC /* Resources */ = {
			isa = PBXResourcesBuildPhase;
			buildActionMask = 2147483647;
			files = (
				2F537AA52494D975008800FC /* Podfile in Resources */,
				2F537A762494D56E008800FC /* LaunchScreen.storyboard in Resources */,
				2F537A732494D56E008800FC /* Assets.xcassets in Resources */,
			);
			runOnlyForDeploymentPostprocessing = 0;
		};
		2F537A7A2494D56E008800FC /* Resources */ = {
			isa = PBXResourcesBuildPhase;
			buildActionMask = 2147483647;
			files = (
			);
			runOnlyForDeploymentPostprocessing = 0;
		};
		2F537A852494D56E008800FC /* Resources */ = {
			isa = PBXResourcesBuildPhase;
			buildActionMask = 2147483647;
			files = (
			);
			runOnlyForDeploymentPostprocessing = 0;
		};
/* End PBXResourcesBuildPhase section */

/* Begin PBXShellScriptBuildPhase section */
		B7E90D5AA5D70D8CECF17E22 /* [CP] Embed Pods Frameworks */ = {
			isa = PBXShellScriptBuildPhase;
			buildActionMask = 2147483647;
			files = (
			);
			inputFileListPaths = (
				"${PODS_ROOT}/Target Support Files/Pods-TMDemoApp/Pods-TMDemoApp-frameworks-${CONFIGURATION}-input-files.xcfilelist",
			);
			name = "[CP] Embed Pods Frameworks";
			outputFileListPaths = (
				"${PODS_ROOT}/Target Support Files/Pods-TMDemoApp/Pods-TMDemoApp-frameworks-${CONFIGURATION}-output-files.xcfilelist",
			);
			runOnlyForDeploymentPostprocessing = 0;
			shellPath = /bin/sh;
			shellScript = "\"${PODS_ROOT}/Target Support Files/Pods-TMDemoApp/Pods-TMDemoApp-frameworks.sh\"\n";
			showEnvVarsInLog = 0;
		};
		F84A986EAC7B63D7143B7F73 /* [CP] Check Pods Manifest.lock */ = {
			isa = PBXShellScriptBuildPhase;
			buildActionMask = 2147483647;
			files = (
			);
			inputFileListPaths = (
			);
			inputPaths = (
				"${PODS_PODFILE_DIR_PATH}/Podfile.lock",
				"${PODS_ROOT}/Manifest.lock",
			);
			name = "[CP] Check Pods Manifest.lock";
			outputFileListPaths = (
			);
			outputPaths = (
				"$(DERIVED_FILE_DIR)/Pods-TMDemoApp-checkManifestLockResult.txt",
			);
			runOnlyForDeploymentPostprocessing = 0;
			shellPath = /bin/sh;
			shellScript = "diff \"${PODS_PODFILE_DIR_PATH}/Podfile.lock\" \"${PODS_ROOT}/Manifest.lock\" > /dev/null\nif [ $? != 0 ] ; then\n    # print error to STDERR\n    echo \"error: The sandbox is not in sync with the Podfile.lock. Run 'pod install' or update your CocoaPods installation.\" >&2\n    exit 1\nfi\n# This output is used by Xcode 'outputs' to avoid re-running this script phase.\necho \"SUCCESS\" > \"${SCRIPT_OUTPUT_FILE_0}\"\n";
			showEnvVarsInLog = 0;
		};
/* End PBXShellScriptBuildPhase section */

/* Begin PBXSourcesBuildPhase section */
		2F537A622494D56C008800FC /* Sources */ = {
			isa = PBXSourcesBuildPhase;
			buildActionMask = 2147483647;
			files = (
				2F537AA22494D8A7008800FC /* DetailListViewModel.swift in Sources */,
				2F537AA12494D8A7008800FC /* DetailListModel.swift in Sources */,
				2F537A9D2494D783008800FC /* TableCell.swift in Sources */,
				2F537A9A2494D693008800FC /* DetailListViewController.swift in Sources */,
				2F537AA32494D8A7008800FC /* NetworkOperations.swift in Sources */,
				2F537A6A2494D56C008800FC /* AppDelegate.swift in Sources */,
			);
			runOnlyForDeploymentPostprocessing = 0;
		};
		2F537A782494D56E008800FC /* Sources */ = {
			isa = PBXSourcesBuildPhase;
			buildActionMask = 2147483647;
			files = (
				2F537A812494D56E008800FC /* TMDemoAppTests.swift in Sources */,
			);
			runOnlyForDeploymentPostprocessing = 0;
		};
		2F537A832494D56E008800FC /* Sources */ = {
			isa = PBXSourcesBuildPhase;
			buildActionMask = 2147483647;
			files = (
				2F537A8C2494D56E008800FC /* TMDemoAppUITests.swift in Sources */,
			);
			runOnlyForDeploymentPostprocessing = 0;
		};
/* End PBXSourcesBuildPhase section */

/* Begin PBXTargetDependency section */
		2F537A7E2494D56E008800FC /* PBXTargetDependency */ = {
			isa = PBXTargetDependency;
			target = 2F537A652494D56C008800FC /* TMDemoApp */;
			targetProxy = 2F537A7D2494D56E008800FC /* PBXContainerItemProxy */;
		};
		2F537A892494D56E008800FC /* PBXTargetDependency */ = {
			isa = PBXTargetDependency;
			target = 2F537A652494D56C008800FC /* TMDemoApp */;
			targetProxy = 2F537A882494D56E008800FC /* PBXContainerItemProxy */;
		};
/* End PBXTargetDependency section */

/* Begin PBXVariantGroup section */
		2F537A742494D56E008800FC /* LaunchScreen.storyboard */ = {
			isa = PBXVariantGroup;
			children = (
				2F537A752494D56E008800FC /* Base */,
			);
			name = LaunchScreen.storyboard;
			sourceTree = "<group>";
		};
/* End PBXVariantGroup section */

/* Begin XCBuildConfiguration section */
		2F537A8E2494D56E008800FC /* Debug */ = {
			isa = XCBuildConfiguration;
			buildSettings = {
				ALWAYS_SEARCH_USER_PATHS = NO;
				CLANG_ANALYZER_NONNULL = YES;
				CLANG_ANALYZER_NUMBER_OBJECT_CONVERSION = YES_AGGRESSIVE;
				CLANG_CXX_LANGUAGE_STANDARD = "gnu++14";
				CLANG_CXX_LIBRARY = "libc++";
				CLANG_ENABLE_MODULES = YES;
				CLANG_ENABLE_OBJC_ARC = YES;
				CLANG_ENABLE_OBJC_WEAK = YES;
				CLANG_WARN_BLOCK_CAPTURE_AUTORELEASING = YES;
				CLANG_WARN_BOOL_CONVERSION = YES;
				CLANG_WARN_COMMA = YES;
				CLANG_WARN_CONSTANT_CONVERSION = YES;
				CLANG_WARN_DEPRECATED_OBJC_IMPLEMENTATIONS = YES;
				CLANG_WARN_DIRECT_OBJC_ISA_USAGE = YES_ERROR;
				CLANG_WARN_DOCUMENTATION_COMMENTS = YES;
				CLANG_WARN_EMPTY_BODY = YES;
				CLANG_WARN_ENUM_CONVERSION = YES;
				CLANG_WARN_INFINITE_RECURSION = YES;
				CLANG_WARN_INT_CONVERSION = YES;
				CLANG_WARN_NON_LITERAL_NULL_CONVERSION = YES;
				CLANG_WARN_OBJC_IMPLICIT_RETAIN_SELF = YES;
				CLANG_WARN_OBJC_LITERAL_CONVERSION = YES;
				CLANG_WARN_OBJC_ROOT_CLASS = YES_ERROR;
				CLANG_WARN_RANGE_LOOP_ANALYSIS = YES;
				CLANG_WARN_STRICT_PROTOTYPES = YES;
				CLANG_WARN_SUSPICIOUS_MOVE = YES;
				CLANG_WARN_UNGUARDED_AVAILABILITY = YES_AGGRESSIVE;
				CLANG_WARN_UNREACHABLE_CODE = YES;
				CLANG_WARN__DUPLICATE_METHOD_MATCH = YES;
				COPY_PHASE_STRIP = NO;
				DEBUG_INFORMATION_FORMAT = dwarf;
				ENABLE_STRICT_OBJC_MSGSEND = YES;
				ENABLE_TESTABILITY = YES;
				GCC_C_LANGUAGE_STANDARD = gnu11;
				GCC_DYNAMIC_NO_PIC = NO;
				GCC_NO_COMMON_BLOCKS = YES;
				GCC_OPTIMIZATION_LEVEL = 0;
				GCC_PREPROCESSOR_DEFINITIONS = (
					"DEBUG=1",
					"$(inherited)",
				);
				GCC_WARN_64_TO_32_BIT_CONVERSION = YES;
				GCC_WARN_ABOUT_RETURN_TYPE = YES_ERROR;
				GCC_WARN_UNDECLARED_SELECTOR = YES;
				GCC_WARN_UNINITIALIZED_AUTOS = YES_AGGRESSIVE;
				GCC_WARN_UNUSED_FUNCTION = YES;
				GCC_WARN_UNUSED_VARIABLE = YES;
				IPHONEOS_DEPLOYMENT_TARGET = 13.2;
				MTL_ENABLE_DEBUG_INFO = INCLUDE_SOURCE;
				MTL_FAST_MATH = YES;
				ONLY_ACTIVE_ARCH = YES;
				SDKROOT = iphoneos;
				SWIFT_ACTIVE_COMPILATION_CONDITIONS = DEBUG;
				SWIFT_OPTIMIZATION_LEVEL = "-Onone";
			};
			name = Debug;
		};
		2F537A8F2494D56E008800FC /* Release */ = {
			isa = XCBuildConfiguration;
			buildSettings = {
				ALWAYS_SEARCH_USER_PATHS = NO;
				CLANG_ANALYZER_NONNULL = YES;
				CLANG_ANALYZER_NUMBER_OBJECT_CONVERSION = YES_AGGRESSIVE;
				CLANG_CXX_LANGUAGE_STANDARD = "gnu++14";
				CLANG_CXX_LIBRARY = "libc++";
				CLANG_ENABLE_MODULES = YES;
				CLANG_ENABLE_OBJC_ARC = YES;
				CLANG_ENABLE_OBJC_WEAK = YES;
				CLANG_WARN_BLOCK_CAPTURE_AUTORELEASING = YES;
				CLANG_WARN_BOOL_CONVERSION = YES;
				CLANG_WARN_COMMA = YES;
				CLANG_WARN_CONSTANT_CONVERSION = YES;
				CLANG_WARN_DEPRECATED_OBJC_IMPLEMENTATIONS = YES;
				CLANG_WARN_DIRECT_OBJC_ISA_USAGE = YES_ERROR;
				CLANG_WARN_DOCUMENTATION_COMMENTS = YES;
				CLANG_WARN_EMPTY_BODY = YES;
				CLANG_WARN_ENUM_CONVERSION = YES;
				CLANG_WARN_INFINITE_RECURSION = YES;
				CLANG_WARN_INT_CONVERSION = YES;
				CLANG_WARN_NON_LITERAL_NULL_CONVERSION = YES;
				CLANG_WARN_OBJC_IMPLICIT_RETAIN_SELF = YES;
				CLANG_WARN_OBJC_LITERAL_CONVERSION = YES;
				CLANG_WARN_OBJC_ROOT_CLASS = YES_ERROR;
				CLANG_WARN_RANGE_LOOP_ANALYSIS = YES;
				CLANG_WARN_STRICT_PROTOTYPES = YES;
				CLANG_WARN_SUSPICIOUS_MOVE = YES;
				CLANG_WARN_UNGUARDED_AVAILABILITY = YES_AGGRESSIVE;
				CLANG_WARN_UNREACHABLE_CODE = YES;
				CLANG_WARN__DUPLICATE_METHOD_MATCH = YES;
				COPY_PHASE_STRIP = NO;
				DEBUG_INFORMATION_FORMAT = "dwarf-with-dsym";
				ENABLE_NS_ASSERTIONS = NO;
				ENABLE_STRICT_OBJC_MSGSEND = YES;
				GCC_C_LANGUAGE_STANDARD = gnu11;
				GCC_NO_COMMON_BLOCKS = YES;
				GCC_WARN_64_TO_32_BIT_CONVERSION = YES;
				GCC_WARN_ABOUT_RETURN_TYPE = YES_ERROR;
				GCC_WARN_UNDECLARED_SELECTOR = YES;
				GCC_WARN_UNINITIALIZED_AUTOS = YES_AGGRESSIVE;
				GCC_WARN_UNUSED_FUNCTION = YES;
				GCC_WARN_UNUSED_VARIABLE = YES;
				IPHONEOS_DEPLOYMENT_TARGET = 13.2;
				MTL_ENABLE_DEBUG_INFO = NO;
				MTL_FAST_MATH = YES;
				SDKROOT = iphoneos;
				SWIFT_COMPILATION_MODE = wholemodule;
				SWIFT_OPTIMIZATION_LEVEL = "-O";
				VALIDATE_PRODUCT = YES;
			};
			name = Release;
		};
		2F537A912494D56E008800FC /* Debug */ = {
			isa = XCBuildConfiguration;
			baseConfigurationReference = CAFDF3D7883D6852F247196A /* Pods-TMDemoApp.debug.xcconfig */;
			buildSettings = {
				ASSETCATALOG_COMPILER_APPICON_NAME = AppIcon;
				CODE_SIGN_STYLE = Automatic;
				INFOPLIST_FILE = TMDemoApp/Info.plist;
				IPHONEOS_DEPLOYMENT_TARGET = 10.0;
				LD_RUNPATH_SEARCH_PATHS = (
					"$(inherited)",
					"@executable_path/Frameworks",
				);
				PRODUCT_BUNDLE_IDENTIFIER = com.TechMahindra.TMDemoApp;
				PRODUCT_NAME = "$(TARGET_NAME)";
				SWIFT_VERSION = 5.0;
				TARGETED_DEVICE_FAMILY = "1,2";
			};
			name = Debug;
		};
		2F537A922494D56E008800FC /* Release */ = {
			isa = XCBuildConfiguration;
			baseConfigurationReference = 2CFF33EF02AB8E6E5C92B56E /* Pods-TMDemoApp.release.xcconfig */;
			buildSettings = {
				ASSETCATALOG_COMPILER_APPICON_NAME = AppIcon;
				CODE_SIGN_STYLE = Automatic;
				INFOPLIST_FILE = TMDemoApp/Info.plist;
				IPHONEOS_DEPLOYMENT_TARGET = 10.0;
				LD_RUNPATH_SEARCH_PATHS = (
					"$(inherited)",
					"@executable_path/Frameworks",
				);
				PRODUCT_BUNDLE_IDENTIFIER = com.TechMahindra.TMDemoApp;
				PRODUCT_NAME = "$(TARGET_NAME)";
				SWIFT_VERSION = 5.0;
				TARGETED_DEVICE_FAMILY = "1,2";
			};
			name = Release;
		};
		2F537A942494D56E008800FC /* Debug */ = {
			isa = XCBuildConfiguration;
			buildSettings = {
				ALWAYS_EMBED_SWIFT_STANDARD_LIBRARIES = YES;
				BUNDLE_LOADER = "$(TEST_HOST)";
				CODE_SIGN_STYLE = Automatic;
				INFOPLIST_FILE = TMDemoAppTests/Info.plist;
				IPHONEOS_DEPLOYMENT_TARGET = 13.2;
				LD_RUNPATH_SEARCH_PATHS = (
					"$(inherited)",
					"@executable_path/Frameworks",
					"@loader_path/Frameworks",
				);
				PRODUCT_BUNDLE_IDENTIFIER = com.TechMahindra.TMDemoAppTests;
				PRODUCT_NAME = "$(TARGET_NAME)";
				SWIFT_VERSION = 5.0;
				TARGETED_DEVICE_FAMILY = "1,2";
				TEST_HOST = "$(BUILT_PRODUCTS_DIR)/TMDemoApp.app/TMDemoApp";
			};
			name = Debug;
		};
		2F537A952494D56E008800FC /* Release */ = {
			isa = XCBuildConfiguration;
			buildSettings = {
				ALWAYS_EMBED_SWIFT_STANDARD_LIBRARIES = YES;
				BUNDLE_LOADER = "$(TEST_HOST)";
				CODE_SIGN_STYLE = Automatic;
				INFOPLIST_FILE = TMDemoAppTests/Info.plist;
				IPHONEOS_DEPLOYMENT_TARGET = 13.2;
				LD_RUNPATH_SEARCH_PATHS = (
					"$(inherited)",
					"@executable_path/Frameworks",
					"@loader_path/Frameworks",
				);
				PRODUCT_BUNDLE_IDENTIFIER = com.TechMahindra.TMDemoAppTests;
				PRODUCT_NAME = "$(TARGET_NAME)";
				SWIFT_VERSION = 5.0;
				TARGETED_DEVICE_FAMILY = "1,2";
				TEST_HOST = "$(BUILT_PRODUCTS_DIR)/TMDemoApp.app/TMDemoApp";
			};
			name = Release;
		};
		2F537A972494D56E008800FC /* Debug */ = {
			isa = XCBuildConfiguration;
			buildSettings = {
				ALWAYS_EMBED_SWIFT_STANDARD_LIBRARIES = YES;
				CODE_SIGN_STYLE = Automatic;
				INFOPLIST_FILE = TMDemoAppUITests/Info.plist;
				LD_RUNPATH_SEARCH_PATHS = (
					"$(inherited)",
					"@executable_path/Frameworks",
					"@loader_path/Frameworks",
				);
				PRODUCT_BUNDLE_IDENTIFIER = com.TechMahindra.TMDemoAppUITests;
				PRODUCT_NAME = "$(TARGET_NAME)";
				SWIFT_VERSION = 5.0;
				TARGETED_DEVICE_FAMILY = "1,2";
				TEST_TARGET_NAME = TMDemoApp;
			};
			name = Debug;
		};
		2F537A982494D56E008800FC /* Release */ = {
			isa = XCBuildConfiguration;
			buildSettings = {
				ALWAYS_EMBED_SWIFT_STANDARD_LIBRARIES = YES;
				CODE_SIGN_STYLE = Automatic;
				INFOPLIST_FILE = TMDemoAppUITests/Info.plist;
				LD_RUNPATH_SEARCH_PATHS = (
					"$(inherited)",
					"@executable_path/Frameworks",
					"@loader_path/Frameworks",
				);
				PRODUCT_BUNDLE_IDENTIFIER = com.TechMahindra.TMDemoAppUITests;
				PRODUCT_NAME = "$(TARGET_NAME)";
				SWIFT_VERSION = 5.0;
				TARGETED_DEVICE_FAMILY = "1,2";
				TEST_TARGET_NAME = TMDemoApp;
			};
			name = Release;
		};
/* End XCBuildConfiguration section */

/* Begin XCConfigurationList section */
		2F537A612494D56C008800FC /* Build configuration list for PBXProject "TMDemoApp" */ = {
			isa = XCConfigurationList;
			buildConfigurations = (
				2F537A8E2494D56E008800FC /* Debug */,
				2F537A8F2494D56E008800FC /* Release */,
			);
			defaultConfigurationIsVisible = 0;
			defaultConfigurationName = Release;
		};
		2F537A902494D56E008800FC /* Build configuration list for PBXNativeTarget "TMDemoApp" */ = {
			isa = XCConfigurationList;
			buildConfigurations = (
				2F537A912494D56E008800FC /* Debug */,
				2F537A922494D56E008800FC /* Release */,
			);
			defaultConfigurationIsVisible = 0;
			defaultConfigurationName = Release;
		};
		2F537A932494D56E008800FC /* Build configuration list for PBXNativeTarget "TMDemoAppTests" */ = {
			isa = XCConfigurationList;
			buildConfigurations = (
				2F537A942494D56E008800FC /* Debug */,
				2F537A952494D56E008800FC /* Release */,
			);
			defaultConfigurationIsVisible = 0;
			defaultConfigurationName = Release;
		};
		2F537A962494D56E008800FC /* Build configuration list for PBXNativeTarget "TMDemoAppUITests" */ = {
			isa = XCConfigurationList;
			buildConfigurations = (
				2F537A972494D56E008800FC /* Debug */,
				2F537A982494D56E008800FC /* Release */,
			);
			defaultConfigurationIsVisible = 0;
			defaultConfigurationName = Release;
		};
/* End XCConfigurationList section */
	};
	rootObject = 2F537A5E2494D56C008800FC /* Project object */;
}
